
Microsoft Visual Studio Solution File, Format Version 12.00
# Visual Studio Version 16
VisualStudioVersion = 16.0.29102.190
MinimumVisualStudioVersion = 10.0.40219.1
Project("{FAE04EC0-301F-11D3-BF4B-00C04F79EFBC}") = "iepProject", "iepProject\iepProject.csproj", "{E042DF69-3315-40DA-AEA3-C043678E092A}"
EndProject
Global
	GlobalSection(SolutionConfigurationPlatforms) = preSolution
		Debug|Any CPU = Debug|Any CPU
		Release|Any CPU = Release|Any CPU
	EndGlobalSection
	GlobalSection(ProjectConfigurationPlatforms) = postSolution
		{E042DF69-3315-40DA-AEA3-C043678E092A}.Debug|Any CPU.ActiveCfg = Debug|Any CPU
		{E042DF69-3315-40DA-AEA3-C043678E092A}.Debug|Any CPU.Build.0 = Debug|Any CPU
		{E042DF69-3315-40DA-AEA3-C043678E092A}.Release|Any CPU.ActiveCfg = Release|Any CPU
		{E042DF69-3315-40DA-AEA3-C043678E092A}.Release|Any CPU.Build.0 = Release|Any CPU
	EndGlobalSection
	GlobalSection(SolutionProperties) = preSolution
		HideSolutionNode = FALSE
	EndGlobalSection
	GlobalSection(ExtensibilityGlobals) = postSolution
		SolutionGuid = {8FADC721-3DBB-420F-BBC3-FD62E6F798D1}
	EndGlobalSection
EndGlobal
